
Microsoft Visual Studio Solution File, Format Version 12.00
# Visual Studio Version 16
VisualStudioVersion = 16.0.30114.105
MinimumVisualStudioVersion = 10.0.40219.1
Project("{9A19103F-16F7-4668-BE54-9A1E7A4F7556}") = "GildedRoseKata.Console", "GildedRoseKata.Console\GildedRoseKata.Console.csproj", "{8E4E9A17-7CB3-4456-8475-D0E478FB69D0}"
EndProject
Project("{9A19103F-16F7-4668-BE54-9A1E7A4F7556}") = "GildedRoseKata.Tests", "GildedRoseKata.Tests\GildedRoseKata.Tests.csproj", "{A811AF6A-189A-45E1-BF27-51A9A54A59D6}"
EndProject
Project("{2150E333-8FDC-42A3-9474-1A3956D46DE8}") = "REquirements", "REquirements", "{984C3332-B718-4D20-A190-A3FC9D984E8E}"
	ProjectSection(SolutionItems) = preProject
		GildedRoseRequirements.txt = GildedRoseRequirements.txt
	EndProjectSection
EndProject
Global
	GlobalSection(SolutionConfigurationPlatforms) = preSolution
		Debug|Any CPU = Debug|Any CPU
		Debug|x64 = Debug|x64
		Debug|x86 = Debug|x86
		Release|Any CPU = Release|Any CPU
		Release|x64 = Release|x64
		Release|x86 = Release|x86
	EndGlobalSection
	GlobalSection(ProjectConfigurationPlatforms) = postSolution
		{8E4E9A17-7CB3-4456-8475-D0E478FB69D0}.Debug|Any CPU.ActiveCfg = Debug|Any CPU
		{8E4E9A17-7CB3-4456-8475-D0E478FB69D0}.Debug|Any CPU.Build.0 = Debug|Any CPU
		{8E4E9A17-7CB3-4456-8475-D0E478FB69D0}.Debug|x64.ActiveCfg = Debug|Any CPU
		{8E4E9A17-7CB3-4456-8475-D0E478FB69D0}.Debug|x64.Build.0 = Debug|Any CPU
		{8E4E9A17-7CB3-4456-8475-D0E478FB69D0}.Debug|x86.ActiveCfg = Debug|Any CPU
		{8E4E9A17-7CB3-4456-8475-D0E478FB69D0}.Debug|x86.Build.0 = Debug|Any CPU
		{8E4E9A17-7CB3-4456-8475-D0E478FB69D0}.Release|Any CPU.ActiveCfg = Release|Any CPU
		{8E4E9A17-7CB3-4456-8475-D0E478FB69D0}.Release|Any CPU.Build.0 = Release|Any CPU
		{8E4E9A17-7CB3-4456-8475-D0E478FB69D0}.Release|x64.ActiveCfg = Release|Any CPU
		{8E4E9A17-7CB3-4456-8475-D0E478FB69D0}.Release|x64.Build.0 = Release|Any CPU
		{8E4E9A17-7CB3-4456-8475-D0E478FB69D0}.Release|x86.ActiveCfg = Release|Any CPU
		{8E4E9A17-7CB3-4456-8475-D0E478FB69D0}.Release|x86.Build.0 = Release|Any CPU
		{A811AF6A-189A-45E1-BF27-51A9A54A59D6}.Debug|Any CPU.ActiveCfg = Debug|Any CPU
		{A811AF6A-189A-45E1-BF27-51A9A54A59D6}.Debug|Any CPU.Build.0 = Debug|Any CPU
		{A811AF6A-189A-45E1-BF27-51A9A54A59D6}.Debug|x64.ActiveCfg = Debug|Any CPU
		{A811AF6A-189A-45E1-BF27-51A9A54A59D6}.Debug|x64.Build.0 = Debug|Any CPU
		{A811AF6A-189A-45E1-BF27-51A9A54A59D6}.Debug|x86.ActiveCfg = Debug|Any CPU
		{A811AF6A-189A-45E1-BF27-51A9A54A59D6}.Debug|x86.Build.0 = Debug|Any CPU
		{A811AF6A-189A-45E1-BF27-51A9A54A59D6}.Release|Any CPU.ActiveCfg = Release|Any CPU
		{A811AF6A-189A-45E1-BF27-51A9A54A59D6}.Release|Any CPU.Build.0 = Release|Any CPU
		{A811AF6A-189A-45E1-BF27-51A9A54A59D6}.Release|x64.ActiveCfg = Release|Any CPU
		{A811AF6A-189A-45E1-BF27-51A9A54A59D6}.Release|x64.Build.0 = Release|Any CPU
		{A811AF6A-189A-45E1-BF27-51A9A54A59D6}.Release|x86.ActiveCfg = Release|Any CPU
		{A811AF6A-189A-45E1-BF27-51A9A54A59D6}.Release|x86.Build.0 = Release|Any CPU
	EndGlobalSection
	GlobalSection(SolutionProperties) = preSolution
		HideSolutionNode = FALSE
	EndGlobalSection
	GlobalSection(ExtensibilityGlobals) = postSolution
		SolutionGuid = {CF4C1508-F246-4C1B-A85D-5F3847A7D144}
	EndGlobalSection
EndGlobal
